
Microsoft Visual Studio Solution File, Format Version 12.00
# Visual Studio Version 16
VisualStudioVersion = 16.0.31019.35
MinimumVisualStudioVersion = 10.0.40219.1
Project("{FAE04EC0-301F-11D3-BF4B-00C04F79EFBC}") = "Calculadora", "Calculadora\Calculadora.csproj", "{B358E0BF-2292-4933-91D9-4913B171AD4B}"
EndProject
Global
	GlobalSection(SolutionConfigurationPlatforms) = preSolution
		Debug|Any CPU = Debug|Any CPU
		Release|Any CPU = Release|Any CPU
	EndGlobalSection
	GlobalSection(ProjectConfigurationPlatforms) = postSolution
		{B358E0BF-2292-4933-91D9-4913B171AD4B}.Debug|Any CPU.ActiveCfg = Debug|Any CPU
		{B358E0BF-2292-4933-91D9-4913B171AD4B}.Debug|Any CPU.Build.0 = Debug|Any CPU
		{B358E0BF-2292-4933-91D9-4913B171AD4B}.Release|Any CPU.ActiveCfg = Release|Any CPU
		{B358E0BF-2292-4933-91D9-4913B171AD4B}.Release|Any CPU.Build.0 = Release|Any CPU
	EndGlobalSection
	GlobalSection(SolutionProperties) = preSolution
		HideSolutionNode = FALSE
	EndGlobalSection
	GlobalSection(ExtensibilityGlobals) = postSolution
		SolutionGuid = {C289E03F-BEC4-48C3-B969-C8327770C4D4}
	EndGlobalSection
EndGlobal
